
Microsoft Visual Studio Solution File, Format Version 12.00
# Visual Studio Version 17
VisualStudioVersion = 17.9.34728.123
MinimumVisualStudioVersion = 10.0.40219.1
Project("{FAE04EC0-301F-11D3-BF4B-00C04F79EFBC}") = "WpfApp2", "WpfApp2\WpfApp2.csproj", "{F677F94A-010C-47BA-AC8C-9FDE76A281BE}"
EndProject
Global
	GlobalSection(SolutionConfigurationPlatforms) = preSolution
		Debug|Any CPU = Debug|Any CPU
		Release|Any CPU = Release|Any CPU
	EndGlobalSection
	GlobalSection(ProjectConfigurationPlatforms) = postSolution
		{F677F94A-010C-47BA-AC8C-9FDE76A281BE}.Debug|Any CPU.ActiveCfg = Debug|Any CPU
		{F677F94A-010C-47BA-AC8C-9FDE76A281BE}.Debug|Any CPU.Build.0 = Debug|Any CPU
		{F677F94A-010C-47BA-AC8C-9FDE76A281BE}.Release|Any CPU.ActiveCfg = Release|Any CPU
		{F677F94A-010C-47BA-AC8C-9FDE76A281BE}.Release|Any CPU.Build.0 = Release|Any CPU
	EndGlobalSection
	GlobalSection(SolutionProperties) = preSolution
		HideSolutionNode = FALSE
	EndGlobalSection
	GlobalSection(ExtensibilityGlobals) = postSolution
		SolutionGuid = {36A3451E-3699-42A0-B424-5F6B5F83690E}
	EndGlobalSection
EndGlobal
